
Microsoft Visual Studio Solution File, Format Version 12.00
# Visual Studio 15
VisualStudioVersion = 15.0.26430.12
MinimumVisualStudioVersion = 10.0.40219.1
Project("{FAE04EC0-301F-11D3-BF4B-00C04F79EFBC}") = "DefineBankAccountClass", "01.DefiningClassesLab\DefineBankAccountClass\DefineBankAccountClass.csproj", "{844B2D5F-5E68-4D2F-BD12-5D724F19301D}"
EndProject
Project("{2150E333-8FDC-42A3-9474-1A3956D46DE8}") = "01.DefiningClassesLab", "01.DefiningClassesLab", "{E5D1261B-C2BD-42D8-9E0C-4F3DCB556482}"
EndProject
Project("{2150E333-8FDC-42A3-9474-1A3956D46DE8}") = "02.DefiningClassesExercise", "02.DefiningClassesExercise", "{4F294C86-730F-4A2C-936C-E9B9A7293E20}"
EndProject
Project("{FAE04EC0-301F-11D3-BF4B-00C04F79EFBC}") = "01.DefineAClassPerson", "02.DefiningClassesExercise\01.DefineAClassPerson\01.DefineAClassPerson.csproj", "{916E7BE3-596A-4CEB-8D35-2C1D7852B456}"
EndProject
Project("{FAE04EC0-301F-11D3-BF4B-00C04F79EFBC}") = "02.CreatingConstructors", "02.DefiningClassesExercise\02.CreatingConstructors\02.CreatingConstructors.csproj", "{10445CB5-2F33-4E95-9EB0-D12C3810E0DE}"
EndProject
Project("{FAE04EC0-301F-11D3-BF4B-00C04F79EFBC}") = "03.OldestFamilyMember", "02.DefiningClassesExercise\03.OldestFamilyMember\03.OldestFamilyMember.csproj", "{80E97101-AF3A-45BE-BF01-D20FE4CBDB29}"
EndProject
Project("{FAE04EC0-301F-11D3-BF4B-00C04F79EFBC}") = "04.OpinionPoll", "02.DefiningClassesExercise\04.OpinionPoll\04.OpinionPoll.csproj", "{D89121E1-FF4F-49D2-852F-C83C0D31E01D}"
EndProject
Project("{FAE04EC0-301F-11D3-BF4B-00C04F79EFBC}") = "05.DateModifier", "02.DefiningClassesExercise\05.DateModifier\05.DateModifier.csproj", "{52A74ED9-C01D-48B9-B64D-B8046075AE6D}"
EndProject
Project("{FAE04EC0-301F-11D3-BF4B-00C04F79EFBC}") = "06.CompanyRoster", "02.DefiningClassesExercise\06.CompanyRoster\06.CompanyRoster.csproj", "{69B1836C-D74F-4860-B927-7CC776319D73}"
EndProject
Project("{FAE04EC0-301F-11D3-BF4B-00C04F79EFBC}") = "07.SpeedRacing", "02.DefiningClassesExercise\07.SpeedRacing\07.SpeedRacing.csproj", "{0BD4230F-709A-4DAB-BC1D-77D6D24E707B}"
EndProject
Project("{FAE04EC0-301F-11D3-BF4B-00C04F79EFBC}") = "08.RawData", "02.DefiningClassesExercise\08.RawData\08.RawData.csproj", "{B9B33089-C423-4ECE-ACD2-E6AAB5AFF3A7}"
EndProject
Project("{FAE04EC0-301F-11D3-BF4B-00C04F79EFBC}") = "09.RectangleIntersection", "02.DefiningClassesExercise\09.RectangleIntersection\09.RectangleIntersection.csproj", "{06ED6045-1ADD-4362-94D6-F027E2858943}"
EndProject
Project("{FAE04EC0-301F-11D3-BF4B-00C04F79EFBC}") = "15.DrawingTool", "02.DefiningClassesExercise\15.DrawingTool\15.DrawingTool.csproj", "{AB62596A-4507-4A08-8E28-6398C8F490AE}"
EndProject
Project("{FAE04EC0-301F-11D3-BF4B-00C04F79EFBC}") = "10.CarSalesman", "02.DefiningClassesExercise\10.CarSalesman\10.CarSalesman.csproj", "{50E13F85-381C-41F4-BF6A-8E1CE2580D20}"
EndProject
Project("{FAE04EC0-301F-11D3-BF4B-00C04F79EFBC}") = "11.PokemonTrainer", "02.DefiningClassesExercise\11.PokemonTrainer\11.PokemonTrainer.csproj", "{E66F02F6-D4A5-4FCD-B0A0-C1F328B8CB5F}"
EndProject
Project("{2150E333-8FDC-42A3-9474-1A3956D46DE8}") = "03.EncapsulationLab", "03.EncapsulationLab", "{2AECBB3E-61CF-4B4C-AEC1-23743F816B23}"
EndProject
Project("{FAE04EC0-301F-11D3-BF4B-00C04F79EFBC}") = "01.Persons", "03.EncapsulationLab\01.Persons\01.Persons.csproj", "{43CE5FC5-96DC-40B3-8F7F-C563F3B92579}"
EndProject
Project("{2150E333-8FDC-42A3-9474-1A3956D46DE8}") = "04.EncapsulationExercise", "04.EncapsulationExercise", "{636A2598-CC29-41A9-9722-1FF137732B90}"
EndProject
Project("{FAE04EC0-301F-11D3-BF4B-00C04F79EFBC}") = "01.ClassBox", "04.EncapsulationExercise\01.ClassBox\01.ClassBox.csproj", "{6DEFC908-00B7-433B-B30C-7C2860CC22DE}"
EndProject
Project("{FAE04EC0-301F-11D3-BF4B-00C04F79EFBC}") = "03.AnimalFarm", "04.EncapsulationExercise\03.AnimalFarm\03.AnimalFarm.csproj", "{1868E583-5F4C-41EB-AFA3-FA4E5456476D}"
EndProject
Project("{FAE04EC0-301F-11D3-BF4B-00C04F79EFBC}") = "04.ShoppingSpree", "04.EncapsulationExercise\04.ShoppingSpree\04.ShoppingSpree.csproj", "{7DB0C373-DBA3-4E6F-8A4C-749CBD379AE8}"
EndProject
Project("{2150E333-8FDC-42A3-9474-1A3956D46DE8}") = "05.InheritanceLab", "05.InheritanceLab", "{558E835C-5022-47C5-BE22-58B9660D645F}"
EndProject
Project("{FAE04EC0-301F-11D3-BF4B-00C04F79EFBC}") = "01.SingleInheritance", "05.InheritanceLab\01.SingleInheritance\01.SingleInheritance.csproj", "{4427461D-8A0B-4812-A89C-FBC98123FDB5}"
EndProject
Project("{FAE04EC0-301F-11D3-BF4B-00C04F79EFBC}") = "02.MultipleInheritance", "05.InheritanceLab\02.MultipleInheritance\02.MultipleInheritance.csproj", "{EC248349-E935-4A0F-A4F4-298A6C1DEF2C}"
EndProject
Project("{FAE04EC0-301F-11D3-BF4B-00C04F79EFBC}") = "03.HierarchicalInheritance", "05.InheritanceLab\03.HierarchicalInheritance\03.HierarchicalInheritance.csproj", "{552582B6-7A25-4598-BD0A-AE9BABF3A8C4}"
EndProject
Project("{FAE04EC0-301F-11D3-BF4B-00C04F79EFBC}") = "04.RandomList", "05.InheritanceLab\04.RandomList\04.RandomList.csproj", "{994107E8-3FC3-434E-A140-EF4DD6BB1ADB}"
EndProject
Project("{FAE04EC0-301F-11D3-BF4B-00C04F79EFBC}") = "05.StackOfStrings", "05.InheritanceLab\05.StackOfStrings\05.StackOfStrings.csproj", "{D4CC929E-804B-4FCD-972B-B08708B1325D}"
EndProject
Project("{2150E333-8FDC-42A3-9474-1A3956D46DE8}") = "06.InheritanceExercise", "06.InheritanceExercise", "{01A6DF69-7052-4487-9D48-A98D99BDBC97}"
EndProject
Project("{FAE04EC0-301F-11D3-BF4B-00C04F79EFBC}") = "01.Person", "06.InheritanceExercise\01.Person\01.Person.csproj", "{C0AF178C-F1A5-4F66-AF13-EC12E3EF635E}"
EndProject
Project("{FAE04EC0-301F-11D3-BF4B-00C04F79EFBC}") = "02.BookShop", "06.InheritanceExercise\02.BookShop\02.BookShop.csproj", "{9870BDA3-D86E-4557-B09D-7A47A0669014}"
EndProject
Project("{FAE04EC0-301F-11D3-BF4B-00C04F79EFBC}") = "03.Mankind", "06.InheritanceExercise\03.Mankind\03.Mankind.csproj", "{6F984854-CAF0-41E3-83D2-16F1499C27AC}"
EndProject
Project("{2150E333-8FDC-42A3-9474-1A3956D46DE8}") = "07.PolymorphismLab", "07.PolymorphismLab", "{B0BC55BF-2CA6-4C00-B1BC-866C50F2E87E}"
EndProject
Project("{FAE04EC0-301F-11D3-BF4B-00C04F79EFBC}") = "01.MathOperation", "07.PolymorphismLab\01.MathOperation\01.MathOperation.csproj", "{2B4941BA-41D4-41E8-83C2-5C9C6245D9B3}"
EndProject
Project("{FAE04EC0-301F-11D3-BF4B-00C04F79EFBC}") = "Animals", "07.PolymorphismLab\Animals\Animals.csproj", "{5FE63986-7642-4619-8435-A4EBB0E8E09B}"
EndProject
Project("{FAE04EC0-301F-11D3-BF4B-00C04F79EFBC}") = "Shapes", "07.PolymorphismLab\Shapes\Shapes.csproj", "{3542C5F6-E56B-4009-A45A-D3726088CF89}"
EndProject
Global
	GlobalSection(SolutionConfigurationPlatforms) = preSolution
		Debug|Any CPU = Debug|Any CPU
		Release|Any CPU = Release|Any CPU
	EndGlobalSection
	GlobalSection(ProjectConfigurationPlatforms) = postSolution
		{844B2D5F-5E68-4D2F-BD12-5D724F19301D}.Debug|Any CPU.ActiveCfg = Debug|Any CPU
		{844B2D5F-5E68-4D2F-BD12-5D724F19301D}.Debug|Any CPU.Build.0 = Debug|Any CPU
		{844B2D5F-5E68-4D2F-BD12-5D724F19301D}.Release|Any CPU.ActiveCfg = Release|Any CPU
		{844B2D5F-5E68-4D2F-BD12-5D724F19301D}.Release|Any CPU.Build.0 = Release|Any CPU
		{916E7BE3-596A-4CEB-8D35-2C1D7852B456}.Debug|Any CPU.ActiveCfg = Debug|Any CPU
		{916E7BE3-596A-4CEB-8D35-2C1D7852B456}.Debug|Any CPU.Build.0 = Debug|Any CPU
		{916E7BE3-596A-4CEB-8D35-2C1D7852B456}.Release|Any CPU.ActiveCfg = Release|Any CPU
		{916E7BE3-596A-4CEB-8D35-2C1D7852B456}.Release|Any CPU.Build.0 = Release|Any CPU
		{10445CB5-2F33-4E95-9EB0-D12C3810E0DE}.Debug|Any CPU.ActiveCfg = Debug|Any CPU
		{10445CB5-2F33-4E95-9EB0-D12C3810E0DE}.Debug|Any CPU.Build.0 = Debug|Any CPU
		{10445CB5-2F33-4E95-9EB0-D12C3810E0DE}.Release|Any CPU.ActiveCfg = Release|Any CPU
		{10445CB5-2F33-4E95-9EB0-D12C3810E0DE}.Release|Any CPU.Build.0 = Release|Any CPU
		{80E97101-AF3A-45BE-BF01-D20FE4CBDB29}.Debug|Any CPU.ActiveCfg = Debug|Any CPU
		{80E97101-AF3A-45BE-BF01-D20FE4CBDB29}.Debug|Any CPU.Build.0 = Debug|Any CPU
		{80E97101-AF3A-45BE-BF01-D20FE4CBDB29}.Release|Any CPU.ActiveCfg = Release|Any CPU
		{80E97101-AF3A-45BE-BF01-D20FE4CBDB29}.Release|Any CPU.Build.0 = Release|Any CPU
		{D89121E1-FF4F-49D2-852F-C83C0D31E01D}.Debug|Any CPU.ActiveCfg = Debug|Any CPU
		{D89121E1-FF4F-49D2-852F-C83C0D31E01D}.Debug|Any CPU.Build.0 = Debug|Any CPU
		{D89121E1-FF4F-49D2-852F-C83C0D31E01D}.Release|Any CPU.ActiveCfg = Release|Any CPU
		{D89121E1-FF4F-49D2-852F-C83C0D31E01D}.Release|Any CPU.Build.0 = Release|Any CPU
		{52A74ED9-C01D-48B9-B64D-B8046075AE6D}.Debug|Any CPU.ActiveCfg = Debug|Any CPU
		{52A74ED9-C01D-48B9-B64D-B8046075AE6D}.Debug|Any CPU.Build.0 = Debug|Any CPU
		{52A74ED9-C01D-48B9-B64D-B8046075AE6D}.Release|Any CPU.ActiveCfg = Release|Any CPU
		{52A74ED9-C01D-48B9-B64D-B8046075AE6D}.Release|Any CPU.Build.0 = Release|Any CPU
		{69B1836C-D74F-4860-B927-7CC776319D73}.Debug|Any CPU.ActiveCfg = Debug|Any CPU
		{69B1836C-D74F-4860-B927-7CC776319D73}.Debug|Any CPU.Build.0 = Debug|Any CPU
		{69B1836C-D74F-4860-B927-7CC776319D73}.Release|Any CPU.ActiveCfg = Release|Any CPU
		{69B1836C-D74F-4860-B927-7CC776319D73}.Release|Any CPU.Build.0 = Release|Any CPU
		{0BD4230F-709A-4DAB-BC1D-77D6D24E707B}.Debug|Any CPU.ActiveCfg = Debug|Any CPU
		{0BD4230F-709A-4DAB-BC1D-77D6D24E707B}.Debug|Any CPU.Build.0 = Debug|Any CPU
		{0BD4230F-709A-4DAB-BC1D-77D6D24E707B}.Release|Any CPU.ActiveCfg = Release|Any CPU
		{0BD4230F-709A-4DAB-BC1D-77D6D24E707B}.Release|Any CPU.Build.0 = Release|Any CPU
		{B9B33089-C423-4ECE-ACD2-E6AAB5AFF3A7}.Debug|Any CPU.ActiveCfg = Debug|Any CPU
		{B9B33089-C423-4ECE-ACD2-E6AAB5AFF3A7}.Debug|Any CPU.Build.0 = Debug|Any CPU
		{B9B33089-C423-4ECE-ACD2-E6AAB5AFF3A7}.Release|Any CPU.ActiveCfg = Release|Any CPU
		{B9B33089-C423-4ECE-ACD2-E6AAB5AFF3A7}.Release|Any CPU.Build.0 = Release|Any CPU
		{06ED6045-1ADD-4362-94D6-F027E2858943}.Debug|Any CPU.ActiveCfg = Debug|Any CPU
		{06ED6045-1ADD-4362-94D6-F027E2858943}.Debug|Any CPU.Build.0 = Debug|Any CPU
		{06ED6045-1ADD-4362-94D6-F027E2858943}.Release|Any CPU.ActiveCfg = Release|Any CPU
		{06ED6045-1ADD-4362-94D6-F027E2858943}.Release|Any CPU.Build.0 = Release|Any CPU
		{AB62596A-4507-4A08-8E28-6398C8F490AE}.Debug|Any CPU.ActiveCfg = Debug|Any CPU
		{AB62596A-4507-4A08-8E28-6398C8F490AE}.Debug|Any CPU.Build.0 = Debug|Any CPU
		{AB62596A-4507-4A08-8E28-6398C8F490AE}.Release|Any CPU.ActiveCfg = Release|Any CPU
		{AB62596A-4507-4A08-8E28-6398C8F490AE}.Release|Any CPU.Build.0 = Release|Any CPU
		{50E13F85-381C-41F4-BF6A-8E1CE2580D20}.Debug|Any CPU.ActiveCfg = Debug|Any CPU
		{50E13F85-381C-41F4-BF6A-8E1CE2580D20}.Debug|Any CPU.Build.0 = Debug|Any CPU
		{50E13F85-381C-41F4-BF6A-8E1CE2580D20}.Release|Any CPU.ActiveCfg = Release|Any CPU
		{50E13F85-381C-41F4-BF6A-8E1CE2580D20}.Release|Any CPU.Build.0 = Release|Any CPU
		{E66F02F6-D4A5-4FCD-B0A0-C1F328B8CB5F}.Debug|Any CPU.ActiveCfg = Debug|Any CPU
		{E66F02F6-D4A5-4FCD-B0A0-C1F328B8CB5F}.Debug|Any CPU.Build.0 = Debug|Any CPU
		{E66F02F6-D4A5-4FCD-B0A0-C1F328B8CB5F}.Release|Any CPU.ActiveCfg = Release|Any CPU
		{E66F02F6-D4A5-4FCD-B0A0-C1F328B8CB5F}.Release|Any CPU.Build.0 = Release|Any CPU
		{43CE5FC5-96DC-40B3-8F7F-C563F3B92579}.Debug|Any CPU.ActiveCfg = Debug|Any CPU
		{43CE5FC5-96DC-40B3-8F7F-C563F3B92579}.Debug|Any CPU.Build.0 = Debug|Any CPU
		{43CE5FC5-96DC-40B3-8F7F-C563F3B92579}.Release|Any CPU.ActiveCfg = Release|Any CPU
		{43CE5FC5-96DC-40B3-8F7F-C563F3B92579}.Release|Any CPU.Build.0 = Release|Any CPU
		{6DEFC908-00B7-433B-B30C-7C2860CC22DE}.Debug|Any CPU.ActiveCfg = Debug|Any CPU
		{6DEFC908-00B7-433B-B30C-7C2860CC22DE}.Debug|Any CPU.Build.0 = Debug|Any CPU
		{6DEFC908-00B7-433B-B30C-7C2860CC22DE}.Release|Any CPU.ActiveCfg = Release|Any CPU
		{6DEFC908-00B7-433B-B30C-7C2860CC22DE}.Release|Any CPU.Build.0 = Release|Any CPU
		{1868E583-5F4C-41EB-AFA3-FA4E5456476D}.Debug|Any CPU.ActiveCfg = Debug|Any CPU
		{1868E583-5F4C-41EB-AFA3-FA4E5456476D}.Debug|Any CPU.Build.0 = Debug|Any CPU
		{1868E583-5F4C-41EB-AFA3-FA4E5456476D}.Release|Any CPU.ActiveCfg = Release|Any CPU
		{1868E583-5F4C-41EB-AFA3-FA4E5456476D}.Release|Any CPU.Build.0 = Release|Any CPU
		{7DB0C373-DBA3-4E6F-8A4C-749CBD379AE8}.Debug|Any CPU.ActiveCfg = Debug|Any CPU
		{7DB0C373-DBA3-4E6F-8A4C-749CBD379AE8}.Debug|Any CPU.Build.0 = Debug|Any CPU
		{7DB0C373-DBA3-4E6F-8A4C-749CBD379AE8}.Release|Any CPU.ActiveCfg = Release|Any CPU
		{7DB0C373-DBA3-4E6F-8A4C-749CBD379AE8}.Release|Any CPU.Build.0 = Release|Any CPU
		{4427461D-8A0B-4812-A89C-FBC98123FDB5}.Debug|Any CPU.ActiveCfg = Debug|Any CPU
		{4427461D-8A0B-4812-A89C-FBC98123FDB5}.Debug|Any CPU.Build.0 = Debug|Any CPU
		{4427461D-8A0B-4812-A89C-FBC98123FDB5}.Release|Any CPU.ActiveCfg = Release|Any CPU
		{4427461D-8A0B-4812-A89C-FBC98123FDB5}.Release|Any CPU.Build.0 = Release|Any CPU
		{EC248349-E935-4A0F-A4F4-298A6C1DEF2C}.Debug|Any CPU.ActiveCfg = Debug|Any CPU
		{EC248349-E935-4A0F-A4F4-298A6C1DEF2C}.Debug|Any CPU.Build.0 = Debug|Any CPU
		{EC248349-E935-4A0F-A4F4-298A6C1DEF2C}.Release|Any CPU.ActiveCfg = Release|Any CPU
		{EC248349-E935-4A0F-A4F4-298A6C1DEF2C}.Release|Any CPU.Build.0 = Release|Any CPU
		{552582B6-7A25-4598-BD0A-AE9BABF3A8C4}.Debug|Any CPU.ActiveCfg = Debug|Any CPU
		{552582B6-7A25-4598-BD0A-AE9BABF3A8C4}.Debug|Any CPU.Build.0 = Debug|Any CPU
		{552582B6-7A25-4598-BD0A-AE9BABF3A8C4}.Release|Any CPU.ActiveCfg = Release|Any CPU
		{552582B6-7A25-4598-BD0A-AE9BABF3A8C4}.Release|Any CPU.Build.0 = Release|Any CPU
		{994107E8-3FC3-434E-A140-EF4DD6BB1ADB}.Debug|Any CPU.ActiveCfg = Debug|Any CPU
		{994107E8-3FC3-434E-A140-EF4DD6BB1ADB}.Debug|Any CPU.Build.0 = Debug|Any CPU
		{994107E8-3FC3-434E-A140-EF4DD6BB1ADB}.Release|Any CPU.ActiveCfg = Release|Any CPU
		{994107E8-3FC3-434E-A140-EF4DD6BB1ADB}.Release|Any CPU.Build.0 = Release|Any CPU
		{D4CC929E-804B-4FCD-972B-B08708B1325D}.Debug|Any CPU.ActiveCfg = Debug|Any CPU
		{D4CC929E-804B-4FCD-972B-B08708B1325D}.Debug|Any CPU.Build.0 = Debug|Any CPU
		{D4CC929E-804B-4FCD-972B-B08708B1325D}.Release|Any CPU.ActiveCfg = Release|Any CPU
		{D4CC929E-804B-4FCD-972B-B08708B1325D}.Release|Any CPU.Build.0 = Release|Any CPU
		{C0AF178C-F1A5-4F66-AF13-EC12E3EF635E}.Debug|Any CPU.ActiveCfg = Debug|Any CPU
		{C0AF178C-F1A5-4F66-AF13-EC12E3EF635E}.Debug|Any CPU.Build.0 = Debug|Any CPU
		{C0AF178C-F1A5-4F66-AF13-EC12E3EF635E}.Release|Any CPU.ActiveCfg = Release|Any CPU
		{C0AF178C-F1A5-4F66-AF13-EC12E3EF635E}.Release|Any CPU.Build.0 = Release|Any CPU
		{9870BDA3-D86E-4557-B09D-7A47A0669014}.Debug|Any CPU.ActiveCfg = Debug|Any CPU
		{9870BDA3-D86E-4557-B09D-7A47A0669014}.Debug|Any CPU.Build.0 = Debug|Any CPU
		{9870BDA3-D86E-4557-B09D-7A47A0669014}.Release|Any CPU.ActiveCfg = Release|Any CPU
		{9870BDA3-D86E-4557-B09D-7A47A0669014}.Release|Any CPU.Build.0 = Release|Any CPU
		{6F984854-CAF0-41E3-83D2-16F1499C27AC}.Debug|Any CPU.ActiveCfg = Debug|Any CPU
		{6F984854-CAF0-41E3-83D2-16F1499C27AC}.Debug|Any CPU.Build.0 = Debug|Any CPU
		{6F984854-CAF0-41E3-83D2-16F1499C27AC}.Release|Any CPU.ActiveCfg = Release|Any CPU
		{6F984854-CAF0-41E3-83D2-16F1499C27AC}.Release|Any CPU.Build.0 = Release|Any CPU
		{2B4941BA-41D4-41E8-83C2-5C9C6245D9B3}.Debug|Any CPU.ActiveCfg = Debug|Any CPU
		{2B4941BA-41D4-41E8-83C2-5C9C6245D9B3}.Debug|Any CPU.Build.0 = Debug|Any CPU
		{2B4941BA-41D4-41E8-83C2-5C9C6245D9B3}.Release|Any CPU.ActiveCfg = Release|Any CPU
		{2B4941BA-41D4-41E8-83C2-5C9C6245D9B3}.Release|Any CPU.Build.0 = Release|Any CPU
		{5FE63986-7642-4619-8435-A4EBB0E8E09B}.Debug|Any CPU.ActiveCfg = Debug|Any CPU
		{5FE63986-7642-4619-8435-A4EBB0E8E09B}.Debug|Any CPU.Build.0 = Debug|Any CPU
		{5FE63986-7642-4619-8435-A4EBB0E8E09B}.Release|Any CPU.ActiveCfg = Release|Any CPU
		{5FE63986-7642-4619-8435-A4EBB0E8E09B}.Release|Any CPU.Build.0 = Release|Any CPU
		{3542C5F6-E56B-4009-A45A-D3726088CF89}.Debug|Any CPU.ActiveCfg = Debug|Any CPU
		{3542C5F6-E56B-4009-A45A-D3726088CF89}.Debug|Any CPU.Build.0 = Debug|Any CPU
		{3542C5F6-E56B-4009-A45A-D3726088CF89}.Release|Any CPU.ActiveCfg = Release|Any CPU
		{3542C5F6-E56B-4009-A45A-D3726088CF89}.Release|Any CPU.Build.0 = Release|Any CPU
	EndGlobalSection
	GlobalSection(SolutionProperties) = preSolution
		HideSolutionNode = FALSE
	EndGlobalSection
	GlobalSection(NestedProjects) = preSolution
		{844B2D5F-5E68-4D2F-BD12-5D724F19301D} = {E5D1261B-C2BD-42D8-9E0C-4F3DCB556482}
		{916E7BE3-596A-4CEB-8D35-2C1D7852B456} = {4F294C86-730F-4A2C-936C-E9B9A7293E20}
		{10445CB5-2F33-4E95-9EB0-D12C3810E0DE} = {4F294C86-730F-4A2C-936C-E9B9A7293E20}
		{80E97101-AF3A-45BE-BF01-D20FE4CBDB29} = {4F294C86-730F-4A2C-936C-E9B9A7293E20}
		{D89121E1-FF4F-49D2-852F-C83C0D31E01D} = {4F294C86-730F-4A2C-936C-E9B9A7293E20}
		{52A74ED9-C01D-48B9-B64D-B8046075AE6D} = {4F294C86-730F-4A2C-936C-E9B9A7293E20}
		{69B1836C-D74F-4860-B927-7CC776319D73} = {4F294C86-730F-4A2C-936C-E9B9A7293E20}
		{0BD4230F-709A-4DAB-BC1D-77D6D24E707B} = {4F294C86-730F-4A2C-936C-E9B9A7293E20}
		{B9B33089-C423-4ECE-ACD2-E6AAB5AFF3A7} = {4F294C86-730F-4A2C-936C-E9B9A7293E20}
		{06ED6045-1ADD-4362-94D6-F027E2858943} = {4F294C86-730F-4A2C-936C-E9B9A7293E20}
		{AB62596A-4507-4A08-8E28-6398C8F490AE} = {4F294C86-730F-4A2C-936C-E9B9A7293E20}
		{50E13F85-381C-41F4-BF6A-8E1CE2580D20} = {4F294C86-730F-4A2C-936C-E9B9A7293E20}
		{E66F02F6-D4A5-4FCD-B0A0-C1F328B8CB5F} = {4F294C86-730F-4A2C-936C-E9B9A7293E20}
		{43CE5FC5-96DC-40B3-8F7F-C563F3B92579} = {2AECBB3E-61CF-4B4C-AEC1-23743F816B23}
		{6DEFC908-00B7-433B-B30C-7C2860CC22DE} = {636A2598-CC29-41A9-9722-1FF137732B90}
		{1868E583-5F4C-41EB-AFA3-FA4E5456476D} = {636A2598-CC29-41A9-9722-1FF137732B90}
		{7DB0C373-DBA3-4E6F-8A4C-749CBD379AE8} = {636A2598-CC29-41A9-9722-1FF137732B90}
		{4427461D-8A0B-4812-A89C-FBC98123FDB5} = {558E835C-5022-47C5-BE22-58B9660D645F}
		{EC248349-E935-4A0F-A4F4-298A6C1DEF2C} = {558E835C-5022-47C5-BE22-58B9660D645F}
		{552582B6-7A25-4598-BD0A-AE9BABF3A8C4} = {558E835C-5022-47C5-BE22-58B9660D645F}
		{994107E8-3FC3-434E-A140-EF4DD6BB1ADB} = {558E835C-5022-47C5-BE22-58B9660D645F}
		{D4CC929E-804B-4FCD-972B-B08708B1325D} = {558E835C-5022-47C5-BE22-58B9660D645F}
		{C0AF178C-F1A5-4F66-AF13-EC12E3EF635E} = {01A6DF69-7052-4487-9D48-A98D99BDBC97}
		{9870BDA3-D86E-4557-B09D-7A47A0669014} = {01A6DF69-7052-4487-9D48-A98D99BDBC97}
		{6F984854-CAF0-41E3-83D2-16F1499C27AC} = {01A6DF69-7052-4487-9D48-A98D99BDBC97}
		{2B4941BA-41D4-41E8-83C2-5C9C6245D9B3} = {B0BC55BF-2CA6-4C00-B1BC-866C50F2E87E}
		{5FE63986-7642-4619-8435-A4EBB0E8E09B} = {B0BC55BF-2CA6-4C00-B1BC-866C50F2E87E}
		{3542C5F6-E56B-4009-A45A-D3726088CF89} = {B0BC55BF-2CA6-4C00-B1BC-866C50F2E87E}
	EndGlobalSection
EndGlobal
